github.com/davecgh/go-spew v1.1.1/go.mod h1:J7Y8YcW2NihsgmVo/mv3lAwl/skON4iLHjSsI+c5H38=
github.com/logrusorgru/aurora v0.0.0-20181002194514-a7b3b318ed4e h1:9MlwzLdW7QSDrhDjFlsEYmxpFyIoXmYRon3dt0io31k=
github.com/logrusorgru/aurora v0.0.0-20181002194514-a7b3b318ed4e/go.mod h1:7rIyQOR62GCctdiQpZ/zOJlFyk6y+94wXzv6RNZgaR4=
github.com/quan-to/slog v0.0.0-20190414172229-8bce0937f2c1 h1:MnA+ZupAvLktxak+UU7zWP2xCsTjQFYDnFd3VhFHN2w=
github.com/quan-to/slog v0.0.0-20190414172229-8bce0937f2c1/go.mod h1:xc9X6JvWjqAAIox9u4uuolisjwl/GbfkktH6f+nOgqU=
